
Microsoft Visual Studio Solution File, Format Version 12.00
Project("{FAE04EC0-301F-11D3-BF4B-00C04F79EFBC}") = "Space_Server", "Space_Server\Space_Server.csproj", "{D3C770DC-D6D4-433E-9508-A847C07DC21B}"
EndProject
Project("{FAE04EC0-301F-11D3-BF4B-00C04F79EFBC}") = "Space_Client", "Space_Client\Space_Client.csproj", "{0F7C2574-F576-4A22-9258-6BE9EC142F47}"
EndProject
Global
	GlobalSection(SolutionConfigurationPlatforms) = preSolution
		Debug|Any CPU = Debug|Any CPU
		Release|Any CPU = Release|Any CPU
	EndGlobalSection
	GlobalSection(ProjectConfigurationPlatforms) = postSolution
		{D3C770DC-D6D4-433E-9508-A847C07DC21B}.Debug|Any CPU.ActiveCfg = Debug|Any CPU
		{D3C770DC-D6D4-433E-9508-A847C07DC21B}.Debug|Any CPU.Build.0 = Debug|Any CPU
		{D3C770DC-D6D4-433E-9508-A847C07DC21B}.Release|Any CPU.ActiveCfg = Release|Any CPU
		{D3C770DC-D6D4-433E-9508-A847C07DC21B}.Release|Any CPU.Build.0 = Release|Any CPU
		{0F7C2574-F576-4A22-9258-6BE9EC142F47}.Debug|Any CPU.ActiveCfg = Debug|Any CPU
		{0F7C2574-F576-4A22-9258-6BE9EC142F47}.Debug|Any CPU.Build.0 = Debug|Any CPU
		{0F7C2574-F576-4A22-9258-6BE9EC142F47}.Release|Any CPU.ActiveCfg = Release|Any CPU
		{0F7C2574-F576-4A22-9258-6BE9EC142F47}.Release|Any CPU.Build.0 = Release|Any CPU
	EndGlobalSection
EndGlobal
